// bun.lock — text JSONC format (Bun 1.1+)
// Generated by: bun-version-range-matrix-probe scaffolding tool
// Bun version used to resolve: 1.1.30
//
// VERSION-OPERATOR RESOLUTION NOTES:
//   C1 caret   ^4.17.0  → lodash@4.18.1   (latest satisfying ^4.17.0; allows minor+patch bumps)
//   C2 tilde   ~3.0.0   → is-odd@3.0.1    (latest 3.0.x; tilde allows patch bumps only)
//   C3 exact   1.3.0    → left-pad@1.3.0  (exact pin; lockfile must match manifest exactly)
//   C4 wildcard *       → is-even@1.0.0   (resolves to latest dist-tag at install time)
//   C5 AND     >=2.0.0 <3.0.0 → tslib@2.8.1 (latest satisfying both bounds simultaneously)
//   C6 OR      ^2.0.0 || ^3.0.0 → ms@2.1.3  (Bun picks highest-priority satisfying range; no stable 3.x)
//   C7 pre-rel ^4.0.0-beta.1 → zod@4.4.3  (caret with pre-release lower bound accepts stable releases above it)
//
// Transitive dependencies:
//   is-odd@3.0.1  requires is-number@^6.0.0 → is-number@6.0.0
//   is-even@1.0.0 requires is-odd@^0.1.2    → is-odd@0.1.2
//   is-odd@0.1.2  requires is-number@^3.0.0 → is-number@3.0.0

{
  "lockfileVersion": 0,
  "workspaces": {
    "": {
      "name": "bun-version-range-matrix-probe",
      "dependencies": {
        // C1 — caret: ^4.17.0 allows any 4.x.y where x>=17 or x>17
        "lodash": "^4.17.0",
        // C2 — tilde: ~3.0.0 allows 3.0.x only (patch bumps)
        "is-odd": "~3.0.0",
        // C3 — exact pin: no operator, version must match precisely
        "left-pad": "1.3.0",
        // C4 — wildcard: * resolves to the current latest dist-tag
        "is-even": "*",
        // C5 — compound AND range: both bounds must be satisfied simultaneously
        "tslib": ">=2.0.0 <3.0.0",
        // C6 — compound OR range: either sub-range satisfies; Bun picks highest version
        "ms": "^2.0.0 || ^3.0.0",
        // C7 — pre-release lower bound: ^4.0.0-beta.1 accepts stable 4.x as well
        "zod": "^4.0.0-beta.1",
      },
    },
  },
  "packages": {
    // C1: lodash resolved by caret ^4.17.0 → 4.18.1
    "lodash": ["lodash@4.18.1", "", {}, "sha512-dMInicTPVE8d1e5otfwmmjlxkZoUpiVLwyeTdUsi/Caj/gfzzblBcCE5sRHV/AsjuCmxWrte2TNGSYuCeCq+0Q=="],

    // C2: is-odd resolved by tilde ~3.0.0 → 3.0.1 (highest 3.0.x patch)
    "is-odd": ["is-odd@3.0.1", "", { "is-number": "^6.0.0" }, "sha512-CQpnWPrDwmP1+SMHXZhtLtJv90yiyVfluGsX5iNCVkrhQtU3TQHsUWPG9wkdk9Lgd5yNpAg9jQEo90CBaXgWMA=="],

    // C3: left-pad pinned exactly at 1.3.0 — lockfile must echo manifest verbatim
    "left-pad": ["left-pad@1.3.0", "", {}, "sha512-XI5MPzVNApjAyhQzphX8BkmKsKUxD4LdyK24iZeQGinBN9yTQT3bFlCBy/aVx2HrNcqQGsdot8ghrjyrvMCoEA=="],

    // C4: is-even resolved by wildcard * → latest = 1.0.0
    "is-even": ["is-even@1.0.0", "", { "is-odd": "^0.1.2" }, "sha512-LEhnkAdJqic4Dbqn58A0y52IXoHWlsueqQkKfMfdEnIYG8A1sm/GHidKkS6yvXlMoRrkM34csHnXQtOqcb+Jzg=="],

    // C5: tslib resolved by AND range >=2.0.0 <3.0.0 → 2.8.1 (latest 2.x)
    "tslib": ["tslib@2.8.1", "", {}, "sha512-oJFu94HQb+KVduSUQL7wnpmqnfmLsOA/nAh6b6EH0wCEoK0/mPeXU6c3wKDV83MkOuHPRHtSXKKU99IBazS/2w=="],

    // C6: ms resolved by OR range ^2.0.0 || ^3.0.0 → 2.1.3 (no stable 3.x on npm at generation time)
    "ms": ["ms@2.1.3", "", {}, "sha512-6FlzubTLZG3J2a/NVCAleEhjzq5oxgHyaCU9yYXvcLsvoVaHJq/s5xXI6/XXP6tz7R9xAOtHnSO/tXtF3WRTlA=="],

    // C7: zod resolved by pre-release caret ^4.0.0-beta.1 → 4.4.3 (stable, satisfies the range)
    "zod": ["zod@4.4.3", "", {}, "sha512-ytENFjIJFl2UwYglde2jchW2Hwm4GJFLDiSXWdTrJQBIN9Fcyp7n4DhxJEiWNAJMV1/BqWfW/kkg71UDcHJyTQ=="],

    // Transitives of is-odd@3.0.1
    "is-number": ["is-number@6.0.0", "", {}, "sha512-Wu1VHeILBK8KAWJUAiSZQX94GmOE45Rg6/538fKwiloUu21KncEkYGPqob2oSZ5mUT73vLGrHQjKw3KMPwfDzg=="],

    // Transitives of is-even@1.0.0 (requires is-odd@^0.1.2 — different instance from direct is-odd@3.0.1)
    "is-odd@0.1.2": ["is-odd@0.1.2", "", { "is-number": "^3.0.0" }, "sha512-Ri7C2K7o5IrUU9UEI8losXJCCD/UtsaIrkR5sxIcFg4xQ9cRJXlWA5DQvTE0yDc0krvSNLsRGXN11UPS6KyfBw=="],

    // Transitives of is-odd@0.1.2 (requires is-number@^3.0.0 — different instance from is-number@6.0.0)
    "is-number@3.0.0": ["is-number@3.0.0", "", {}, "sha512-4cboCqIpliH+mAvFNegjZQ4kgKc3ZUhQVr3HvWbSh5q3WH2v82ct+T2Y1hdU5Gdtorx/cLifQjqCbL7bpznLTg=="],
  },
}
